Microsoft Visual Studio Solution File, Format Version 11.00
# Visual Studio 2008

Project("{2B9FF7BD-70A7-DD32-6979-551C1125C4DE}") = "FYP - RandomLevel", "Assembly-CSharp-vs.csproj", "{18B12D95-BE95-4954-C277-A63F3B0CF0FD}"
EndProject
Global
	GlobalSection(SolutionConfigurationPlatforms) = preSolution
		Debug|Any CPU = Debug|Any CPU
		Release|Any CPU = Release|Any CPU
	EndGlobalSection
	GlobalSection(ProjectConfigurationPlatforms) = postSolution
		{18B12D95-BE95-4954-C277-A63F3B0CF0FD}.Debug|Any CPU.ActiveCfg = Debug|Any CPU
		{18B12D95-BE95-4954-C277-A63F3B0CF0FD}.Debug|Any CPU.Build.0 = Debug|Any CPU
		{18B12D95-BE95-4954-C277-A63F3B0CF0FD}.Release|Any CPU.ActiveCfg = Release|Any CPU
		{18B12D95-BE95-4954-C277-A63F3B0CF0FD}.Release|Any CPU.Build.0 = Release|Any CPU
	EndGlobalSection
	GlobalSection(SolutionProperties) = preSolution
		HideSolutionNode = FALSE
	EndGlobalSection
			GlobalSection(MonoDevelopProperties) = preSolution
		StartupItem = Assembly-CSharp.csproj
		Policies = $0
		$0.TextStylePolicy = $1
		$1.inheritsSet = null
		$1.scope = text/x-csharp
		$0.CSharpFormattingPolicy = $2
		$2.inheritsSet = Mono
		$2.inheritsScope = text/x-csharp
		$2.scope = text/x-csharp
		$0.TextStylePolicy = $3
		$3.FileWidth = 120
		$3.TabWidth = 4
		$3.IndentWidth = 4
		$3.EolMarker = Unix
		$3.inheritsSet = Mono
		$3.inheritsScope = text/plain
		$3.scope = text/plain
	EndGlobalSection

EndGlobal
